// !$*UTF8*$!
{
	archiveVersion = 1;
	classes = {
	};
	objectVersion = 54;
	objects = {

		33CC111A2044C6BA0003C045 /* Flutter Assemble */ = {
			isa = PBXAggregateTarget;
			buildConfigurationList = 33CC111B2044C6BA0003C045 /* Build configuration list for PBXAggregateTarget "Flutter Assemble" */;
			buildPhases = (
				33CC111E2044C6BF0003C045 /* ShellScript */,
			);
			dependencies = (
			);
			name = "Flutter Assemble";
			productName = FLX;
		};

		331C80D8294CF71000263BE5 /* RunnerTests.swift in Sources */ = {isa = PBXBuildFile; fileRef = 331C80D7294CF71000263BE5 /* RunnerTests.swift */; };
		335BBD1B22A9A15E00E9071D /* GeneratedPluginRegistrant.swift in Sources */ = {isa = PBXBuildFile; fileRef = 335BBD1A22A9A15E00E9071D /* GeneratedPluginRegistrant.swift */; };
		
		97C146ED20219E9C0050FFDA /* Runner */ = {
			isa = PBXNativeTarget;
			buildConfigurationList = 33CC10FB2044A3C60003C045 /* Build configuration list for PBXNativeTarget "Runner" */;
			buildPhases = (
				33CC111D2044C6860003C045 /* ShellScript */,
				97C146EA20219E9C0050FFDA /* Sources */,
				97C146EB20219E9C0050FFDA /* Frameworks */,
				97C146EC20219E9C0050FFDA /* Resources */,
				9705A14E245A5B4800290DDA /* Embed Frameworks */,
				33E1713A28F546EE002D58A9 /* Flutter Log */,
			);
			buildRules = (
			);
			dependencies = (
			);
			name = Runner;
			productName = Runner;
			productReference = 97C146EE20219E9C0050FFDA /* Runner.app */;
			productType = "com.apple.product-type.application";
		};
	};
	rootObject = 97C146E620219E9C0050FFDA /* Project object */;
}
